
Microsoft Visual Studio Solution File, Format Version 12.00
# Visual Studio Version 17
VisualStudioVersion = 17.5.002.0
MinimumVisualStudioVersion = 10.0.40219.1
Project("{2150E333-8FDC-42A3-9474-1A3956D46DE8}") = "week06", "week06", "{38D4CDCD-2812-45F7-B356-9E936BABB625}"
EndProject
Project("{9A19103F-16F7-4668-BE54-9A1E7A4F7556}") = "code", "week06\code\code.csproj", "{5B6E29AF-0A64-43C9-AE4D-3C1B969527EC}"
EndProject
Project("{2150E333-8FDC-42A3-9474-1A3956D46DE8}") = "week05", "week05", "{7EC9672D-133F-43A3-9349-B681B56D4888}"
EndProject
Project("{9A19103F-16F7-4668-BE54-9A1E7A4F7556}") = "code", "week05\code\code.csproj", "{0076273A-EDEC-4630-B3BB-6461E51393BB}"
EndProject
Project("{2150E333-8FDC-42A3-9474-1A3956D46DE8}") = "week02", "week02", "{80E6A68E-ADCC-46A5-9728-4A3100C54AF1}"
EndProject
Project("{9A19103F-16F7-4668-BE54-9A1E7A4F7556}") = "teach", "week02\teach\teach.csproj", "{9D5CF911-6383-42FF-94E4-26D2C60F51B4}"
EndProject
Project("{9A19103F-16F7-4668-BE54-9A1E7A4F7556}") = "code", "week02\code\code.csproj", "{E1E4F55F-9B98-4AE4-8861-C91FEC5C2A9B}"
EndProject
Project("{9A19103F-16F7-4668-BE54-9A1E7A4F7556}") = "analyze", "week02\analyze\analyze.csproj", "{D20516B7-0B58-4A6B-854E-39F9DED0F6E8}"
EndProject
Project("{9A19103F-16F7-4668-BE54-9A1E7A4F7556}") = "learn", "week02\learn\learn.csproj", "{D4B1E276-F17D-4D3A-8CB2-7C096A5EAFDB}"
EndProject
Project("{2150E333-8FDC-42A3-9474-1A3956D46DE8}") = "sandbox", "sandbox", "{EF62115F-423F-4725-9EDE-4DDB22522D85}"
EndProject
Project("{9A19103F-16F7-4668-BE54-9A1E7A4F7556}") = "sandbox_project", "sandbox\sandbox_project\sandbox_project.csproj", "{375B2D37-2AD7-45B3-A831-B12B9CC577F1}"
EndProject
Project("{2150E333-8FDC-42A3-9474-1A3956D46DE8}") = "week04", "week04", "{1329C46D-94E4-4458-AF17-DE95475C2F8B}"
EndProject
Project("{9A19103F-16F7-4668-BE54-9A1E7A4F7556}") = "code", "week04\code\code.csproj", "{49395ABB-E102-439B-A8FB-EB698B331B91}"
EndProject
Project("{2150E333-8FDC-42A3-9474-1A3956D46DE8}") = "week01", "week01", "{B78AF9D7-01C9-4C03-AC04-61AF84D2B258}"
EndProject
Project("{9A19103F-16F7-4668-BE54-9A1E7A4F7556}") = "teach", "week01\teach\teach.csproj", "{26125A40-CD0B-40EB-B913-0A42F2D053BD}"
EndProject
Project("{9A19103F-16F7-4668-BE54-9A1E7A4F7556}") = "code", "week01\code\code.csproj", "{99BFDD07-A0A7-4EBB-A113-EBF1B370989C}"
EndProject
Project("{9A19103F-16F7-4668-BE54-9A1E7A4F7556}") = "analyze", "week01\analyze\analyze.csproj", "{F24B5575-CE27-4DFA-97ED-7E2D04E73CA7}"
EndProject
Project("{2150E333-8FDC-42A3-9474-1A3956D46DE8}") = "week03", "week03", "{CDA9C5E9-5635-4E40-9A13-1AC920440A94}"
EndProject
Project("{9A19103F-16F7-4668-BE54-9A1E7A4F7556}") = "teach", "week03\teach\teach.csproj", "{6E521BE7-B114-44D8-A28A-42EDDC6D1126}"
EndProject
Project("{9A19103F-16F7-4668-BE54-9A1E7A4F7556}") = "code", "week03\code\code.csproj", "{CA83FAF5-D80F-4D83-9BD6-D7B6A559DEFD}"
EndProject
Project("{9A19103F-16F7-4668-BE54-9A1E7A4F7556}") = "learn", "week03\learn\learn.csproj", "{3DE1A992-6413-487E-A229-918C7A3B583D}"
EndProject
Global
	GlobalSection(SolutionConfigurationPlatforms) = preSolution
		Debug|Any CPU = Debug|Any CPU
		Release|Any CPU = Release|Any CPU
	EndGlobalSection
	GlobalSection(ProjectConfigurationPlatforms) = postSolution
		{5B6E29AF-0A64-43C9-AE4D-3C1B969527EC}.Debug|Any CPU.ActiveCfg = Debug|Any CPU
		{5B6E29AF-0A64-43C9-AE4D-3C1B969527EC}.Debug|Any CPU.Build.0 = Debug|Any CPU
		{5B6E29AF-0A64-43C9-AE4D-3C1B969527EC}.Release|Any CPU.ActiveCfg = Release|Any CPU
		{5B6E29AF-0A64-43C9-AE4D-3C1B969527EC}.Release|Any CPU.Build.0 = Release|Any CPU
		{0076273A-EDEC-4630-B3BB-6461E51393BB}.Debug|Any CPU.ActiveCfg = Debug|Any CPU
		{0076273A-EDEC-4630-B3BB-6461E51393BB}.Debug|Any CPU.Build.0 = Debug|Any CPU
		{0076273A-EDEC-4630-B3BB-6461E51393BB}.Release|Any CPU.ActiveCfg = Release|Any CPU
		{0076273A-EDEC-4630-B3BB-6461E51393BB}.Release|Any CPU.Build.0 = Release|Any CPU
		{9D5CF911-6383-42FF-94E4-26D2C60F51B4}.Debug|Any CPU.ActiveCfg = Debug|Any CPU
		{9D5CF911-6383-42FF-94E4-26D2C60F51B4}.Debug|Any CPU.Build.0 = Debug|Any CPU
		{9D5CF911-6383-42FF-94E4-26D2C60F51B4}.Release|Any CPU.ActiveCfg = Release|Any CPU
		{9D5CF911-6383-42FF-94E4-26D2C60F51B4}.Release|Any CPU.Build.0 = Release|Any CPU
		{E1E4F55F-9B98-4AE4-8861-C91FEC5C2A9B}.Debug|Any CPU.ActiveCfg = Debug|Any CPU
		{E1E4F55F-9B98-4AE4-8861-C91FEC5C2A9B}.Debug|Any CPU.Build.0 = Debug|Any CPU
		{E1E4F55F-9B98-4AE4-8861-C91FEC5C2A9B}.Release|Any CPU.ActiveCfg = Release|Any CPU
		{E1E4F55F-9B98-4AE4-8861-C91FEC5C2A9B}.Release|Any CPU.Build.0 = Release|Any CPU
		{D20516B7-0B58-4A6B-854E-39F9DED0F6E8}.Debug|Any CPU.ActiveCfg = Debug|Any CPU
		{D20516B7-0B58-4A6B-854E-39F9DED0F6E8}.Debug|Any CPU.Build.0 = Debug|Any CPU
		{D20516B7-0B58-4A6B-854E-39F9DED0F6E8}.Release|Any CPU.ActiveCfg = Release|Any CPU
		{D20516B7-0B58-4A6B-854E-39F9DED0F6E8}.Release|Any CPU.Build.0 = Release|Any CPU
		{D4B1E276-F17D-4D3A-8CB2-7C096A5EAFDB}.Debug|Any CPU.ActiveCfg = Debug|Any CPU
		{D4B1E276-F17D-4D3A-8CB2-7C096A5EAFDB}.Debug|Any CPU.Build.0 = Debug|Any CPU
		{D4B1E276-F17D-4D3A-8CB2-7C096A5EAFDB}.Release|Any CPU.ActiveCfg = Release|Any CPU
		{D4B1E276-F17D-4D3A-8CB2-7C096A5EAFDB}.Release|Any CPU.Build.0 = Release|Any CPU
		{375B2D37-2AD7-45B3-A831-B12B9CC577F1}.Debug|Any CPU.ActiveCfg = Debug|Any CPU
		{375B2D37-2AD7-45B3-A831-B12B9CC577F1}.Debug|Any CPU.Build.0 = Debug|Any CPU
		{375B2D37-2AD7-45B3-A831-B12B9CC577F1}.Release|Any CPU.ActiveCfg = Release|Any CPU
		{375B2D37-2AD7-45B3-A831-B12B9CC577F1}.Release|Any CPU.Build.0 = Release|Any CPU
		{49395ABB-E102-439B-A8FB-EB698B331B91}.Debug|Any CPU.ActiveCfg = Debug|Any CPU
		{49395ABB-E102-439B-A8FB-EB698B331B91}.Debug|Any CPU.Build.0 = Debug|Any CPU
		{49395ABB-E102-439B-A8FB-EB698B331B91}.Release|Any CPU.ActiveCfg = Release|Any CPU
		{49395ABB-E102-439B-A8FB-EB698B331B91}.Release|Any CPU.Build.0 = Release|Any CPU
		{26125A40-CD0B-40EB-B913-0A42F2D053BD}.Debug|Any CPU.ActiveCfg = Debug|Any CPU
		{26125A40-CD0B-40EB-B913-0A42F2D053BD}.Debug|Any CPU.Build.0 = Debug|Any CPU
		{26125A40-CD0B-40EB-B913-0A42F2D053BD}.Release|Any CPU.ActiveCfg = Release|Any CPU
		{26125A40-CD0B-40EB-B913-0A42F2D053BD}.Release|Any CPU.Build.0 = Release|Any CPU
		{99BFDD07-A0A7-4EBB-A113-EBF1B370989C}.Debug|Any CPU.ActiveCfg = Debug|Any CPU
		{99BFDD07-A0A7-4EBB-A113-EBF1B370989C}.Debug|Any CPU.Build.0 = Debug|Any CPU
		{99BFDD07-A0A7-4EBB-A113-EBF1B370989C}.Release|Any CPU.ActiveCfg = Release|Any CPU
		{99BFDD07-A0A7-4EBB-A113-EBF1B370989C}.Release|Any CPU.Build.0 = Release|Any CPU
		{F24B5575-CE27-4DFA-97ED-7E2D04E73CA7}.Debug|Any CPU.ActiveCfg = Debug|Any CPU
		{F24B5575-CE27-4DFA-97ED-7E2D04E73CA7}.Debug|Any CPU.Build.0 = Debug|Any CPU
		{F24B5575-CE27-4DFA-97ED-7E2D04E73CA7}.Release|Any CPU.ActiveCfg = Release|Any CPU
		{F24B5575-CE27-4DFA-97ED-7E2D04E73CA7}.Release|Any CPU.Build.0 = Release|Any CPU
		{6E521BE7-B114-44D8-A28A-42EDDC6D1126}.Debug|Any CPU.ActiveCfg = Debug|Any CPU
		{6E521BE7-B114-44D8-A28A-42EDDC6D1126}.Debug|Any CPU.Build.0 = Debug|Any CPU
		{6E521BE7-B114-44D8-A28A-42EDDC6D1126}.Release|Any CPU.ActiveCfg = Release|Any CPU
		{6E521BE7-B114-44D8-A28A-42EDDC6D1126}.Release|Any CPU.Build.0 = Release|Any CPU
		{CA83FAF5-D80F-4D83-9BD6-D7B6A559DEFD}.Debug|Any CPU.ActiveCfg = Debug|Any CPU
		{CA83FAF5-D80F-4D83-9BD6-D7B6A559DEFD}.Debug|Any CPU.Build.0 = Debug|Any CPU
		{CA83FAF5-D80F-4D83-9BD6-D7B6A559DEFD}.Release|Any CPU.ActiveCfg = Release|Any CPU
		{CA83FAF5-D80F-4D83-9BD6-D7B6A559DEFD}.Release|Any CPU.Build.0 = Release|Any CPU
		{3DE1A992-6413-487E-A229-918C7A3B583D}.Debug|Any CPU.ActiveCfg = Debug|Any CPU
		{3DE1A992-6413-487E-A229-918C7A3B583D}.Debug|Any CPU.Build.0 = Debug|Any CPU
		{3DE1A992-6413-487E-A229-918C7A3B583D}.Release|Any CPU.ActiveCfg = Release|Any CPU
		{3DE1A992-6413-487E-A229-918C7A3B583D}.Release|Any CPU.Build.0 = Release|Any CPU
	EndGlobalSection
	GlobalSection(SolutionProperties) = preSolution
		HideSolutionNode = FALSE
	EndGlobalSection
	GlobalSection(NestedProjects) = preSolution
		{5B6E29AF-0A64-43C9-AE4D-3C1B969527EC} = {38D4CDCD-2812-45F7-B356-9E936BABB625}
		{0076273A-EDEC-4630-B3BB-6461E51393BB} = {7EC9672D-133F-43A3-9349-B681B56D4888}
		{9D5CF911-6383-42FF-94E4-26D2C60F51B4} = {80E6A68E-ADCC-46A5-9728-4A3100C54AF1}
		{E1E4F55F-9B98-4AE4-8861-C91FEC5C2A9B} = {80E6A68E-ADCC-46A5-9728-4A3100C54AF1}
		{D20516B7-0B58-4A6B-854E-39F9DED0F6E8} = {80E6A68E-ADCC-46A5-9728-4A3100C54AF1}
		{D4B1E276-F17D-4D3A-8CB2-7C096A5EAFDB} = {80E6A68E-ADCC-46A5-9728-4A3100C54AF1}
		{375B2D37-2AD7-45B3-A831-B12B9CC577F1} = {EF62115F-423F-4725-9EDE-4DDB22522D85}
		{49395ABB-E102-439B-A8FB-EB698B331B91} = {1329C46D-94E4-4458-AF17-DE95475C2F8B}
		{26125A40-CD0B-40EB-B913-0A42F2D053BD} = {B78AF9D7-01C9-4C03-AC04-61AF84D2B258}
		{99BFDD07-A0A7-4EBB-A113-EBF1B370989C} = {B78AF9D7-01C9-4C03-AC04-61AF84D2B258}
		{F24B5575-CE27-4DFA-97ED-7E2D04E73CA7} = {B78AF9D7-01C9-4C03-AC04-61AF84D2B258}
		{6E521BE7-B114-44D8-A28A-42EDDC6D1126} = {CDA9C5E9-5635-4E40-9A13-1AC920440A94}
		{CA83FAF5-D80F-4D83-9BD6-D7B6A559DEFD} = {CDA9C5E9-5635-4E40-9A13-1AC920440A94}
		{3DE1A992-6413-487E-A229-918C7A3B583D} = {CDA9C5E9-5635-4E40-9A13-1AC920440A94}
	EndGlobalSection
	GlobalSection(ExtensibilityGlobals) = postSolution
		SolutionGuid = {73AE62BB-270F-48F7-B7FE-8AAFCBD9DCBC}
	EndGlobalSection
EndGlobal
